// !$*UTF8*$!
{
	archiveVersion = 1;
	classes = {
	};
	objectVersion = 50;
	objects = {

/* Begin PBXBuildFile section */
		04B29E08217CFCE300479366 /* AppDelegate.swift in Sources */ = {isa = PBXBuildFile; fileRef = 04B29E07217CFCE300479366 /* AppDelegate.swift */; };
		04B29E0D217CFCE300479366 /* Main.storyboard in Resources */ = {isa = PBXBuildFile; fileRef = 04B29E0B217CFCE300479366 /* Main.storyboard */; };
		04B29E10217CFCE300479366 /* Detect_the_pic.xcdatamodeld in Sources */ = {isa = PBXBuildFile; fileRef = 04B29E0E217CFCE300479366 /* Detect_the_pic.xcdatamodeld */; };
		04B29E12217CFCE400479366 /* Assets.xcassets in Resources */ = {isa = PBXBuildFile; fileRef = 04B29E11217CFCE400479366 /* Assets.xcassets */; };
		04B29E15217CFCE400479366 /* LaunchScreen.storyboard in Resources */ = {isa = PBXBuildFile; fileRef = 04B29E13217CFCE400479366 /* LaunchScreen.storyboard */; };
		04B29E1D217D02D200479366 /* ViewController.swift in Sources */ = {isa = PBXBuildFile; fileRef = 04B29E1C217D02D200479366 /* ViewController.swift */; };
		04B29E1F217D07A700479366 /* Resnet50.mlmodel in Sources */ = {isa = PBXBuildFile; fileRef = 04B29E1E217D07A700479366 /* Resnet50.mlmodel */; };
/* End PBXBuildFile section */

/* Begin PBXFileReference section */
		04B29E04217CFCE300479366 /* Detect the pic.app */ = {isa = PBXFileReference; explicitFileType = wrapper.application; includeInIndex = 0; path = "Detect the pic.app"; sourceTree = BUILT_PRODUCTS_DIR; };
		04B29E07217CFCE300479366 /* AppDelegate.swift */ = {isa = PBXFileReference; lastKnownFileType = sourcecode.swift; path = AppDelegate.swift; sourceTree = "<group>"; };
		04B29E0C217CFCE300479366 /* Base */ = {isa = PBXFileReference; lastKnownFileType = file.storyboard; name = Base; path = Base.lproj/Main.storyboard; sourceTree = "<group>"; };
		04B29E0F217CFCE300479366 /* Detect_the_pic.xcdatamodel */ = {isa = PBXFileReference; lastKnownFileType = wrapper.xcdatamodel; path = Detect_the_pic.xcdatamodel; sourceTree = "<group>"; };
		04B29E11217CFCE400479366 /* Assets.xcassets */ = {isa = PBXFileReference; lastKnownFileType = folder.assetcatalog; path = Assets.xcassets; sourceTree = "<group>"; };
		04B29E14217CFCE400479366 /* Base */ = {isa = PBXFileReference; lastKnownFileType = file.storyboard; name = Base; path = Base.lproj/LaunchScreen.storyboard; sourceTree = "<group>"; };
		04B29E16217CFCE400479366 /* Info.plist */ = {isa = PBXFileReference; lastKnownFileType = text.plist.xml; path = Info.plist; sourceTree = "<group>"; };
		04B29E1C217D02D200479366 /* ViewController.swift */ = {isa = PBXFileReference; lastKnownFileType = sourcecode.swift; path = ViewController.swift; sourceTree = "<group>"; };
		04B29E1E217D07A700479366 /* Resnet50.mlmodel */ = {isa = PBXFileReference; lastKnownFileType = file.mlmodel; path = Resnet50.mlmodel; sourceTree = "<group>"; };
/* End PBXFileReference section */

/* Begin PBXFrameworksBuildPhase section */
		04B29E01217CFCE300479366 /* Frameworks */ = {
			isa = PBXFrameworksBuildPhase;
			buildActionMask = 2147483647;
			files = (
			);
			runOnlyForDeploymentPostprocessing = 0;
		};
/* End PBXFrameworksBuildPhase section */

/* Begin PBXGroup section */
		04B29DFB217CFCE300479366 = {
			isa = PBXGroup;
			children = (
				04B29E06217CFCE300479366 /* Detect the pic */,
				04B29E05217CFCE300479366 /* Products */,
			);
			sourceTree = "<group>";
		};
		04B29E05217CFCE300479366 /* Products */ = {
			isa = PBXGroup;
			children = (
				04B29E04217CFCE300479366 /* Detect the pic.app */,
			);
			name = Products;
			sourceTree = "<group>";
		};
		04B29E06217CFCE300479366 /* Detect the pic */ = {
			isa = PBXGroup;
			children = (
				04B29E07217CFCE300479366 /* AppDelegate.swift */,
				04B29E0B217CFCE300479366 /* Main.storyboard */,
				04B29E1C217D02D200479366 /* ViewController.swift */,
				04B29E11217CFCE400479366 /* Assets.xcassets */,
				04B29E13217CFCE400479366 /* LaunchScreen.storyboard */,
				04B29E16217CFCE400479366 /* Info.plist */,
				04B29E0E217CFCE300479366 /* Detect_the_pic.xcdatamodeld */,
				04B29E1E217D07A700479366 /* Resnet50.mlmodel */,
			);
			path = "Detect the pic";
			sourceTree = "<group>";
		};
/* End PBXGroup section */

/* Begin PBXNativeTarget section */
		04B29E03217CFCE300479366 /* Detect the pic */ = {
			isa = PBXNativeTarget;
			buildConfigurationList = 04B29E19217CFCE400479366 /* Build configuration list for PBXNativeTarget "Detect the pic" */;
			buildPhases = (
				04B29E00217CFCE300479366 /* Sources */,
				04B29E01217CFCE300479366 /* Frameworks */,
				04B29E02217CFCE300479366 /* Resources */,
			);
			buildRules = (
			);
			dependencies = (
			);
			name = "Detect the pic";
			productName = "Detect the pic";
			productReference = 04B29E04217CFCE300479366 /* Detect the pic.app */;
			productType = "com.apple.product-type.application";
		};
/* End PBXNativeTarget section */

/* Begin PBXProject section */
		04B29DFC217CFCE300479366 /* Project object */ = {
			isa = PBXProject;
			attributes = {
				LastSwiftUpdateCheck = 1000;
				LastUpgradeCheck = 1000;
				ORGANIZATIONNAME = "Andres Felipe De La Ossa Navarro";
				TargetAttributes = {
					04B29E03217CFCE300479366 = {
						CreatedOnToolsVersion = 10.0;
					};
				};
			};
			buildConfigurationList = 04B29DFF217CFCE300479366 /* Build configuration list for PBXProject "Detect the pic" */;
			compatibilityVersion = "Xcode 9.3";
			developmentRegion = en;
			hasScannedForEncodings = 0;
			knownRegions = (
				en,
				Base,
			);
			mainGroup = 04B29DFB217CFCE300479366;
			productRefGroup = 04B29E05217CFCE300479366 /* Products */;
			projectDirPath = "";
			projectRoot = "";
			targets = (
				04B29E03217CFCE300479366 /* Detect the pic */,
			);
		};
/* End PBXProject section */

/* Begin PBXResourcesBuildPhase section */
		04B29E02217CFCE300479366 /* Resources */ = {
			isa = PBXResourcesBuildPhase;
			buildActionMask = 2147483647;
			files = (
				04B29E15217CFCE400479366 /* LaunchScreen.storyboard in Resources */,
				04B29E12217CFCE400479366 /* Assets.xcassets in Resources */,
				04B29E0D217CFCE300479366 /* Main.storyboard in Resources */,
			);
			runOnlyForDeploymentPostprocessing = 0;
		};
/* End PBXResourcesBuildPhase section */

/* Begin PBXSourcesBuildPhase section */
		04B29E00217CFCE300479366 /* Sources */ = {
			isa = PBXSourcesBuildPhase;
			buildActionMask = 2147483647;
			files = (
				04B29E1D217D02D200479366 /* ViewController.swift in Sources */,
				04B29E08217CFCE300479366 /* AppDelegate.swift in Sources */,
				04B29E1F217D07A700479366 /* Resnet50.mlmodel in Sources */,
				04B29E10217CFCE300479366 /* Detect_the_pic.xcdatamodeld in Sources */,
			);
			runOnlyForDeploymentPostprocessing = 0;
		};
/* End PBXSourcesBuildPhase section */

/* Begin PBXVariantGroup section */
		04B29E0B217CFCE300479366 /* Main.storyboard */ = {
			isa = PBXVariantGroup;
			children = (
				04B29E0C217CFCE300479366 /* Base */,
			);
			name = Main.storyboard;
			sourceTree = "<group>";
		};
		04B29E13217CFCE400479366 /* LaunchScreen.storyboard */ = {
			isa = PBXVariantGroup;
			children = (
				04B29E14217CFCE400479366 /* Base */,
			);
			name = LaunchScreen.storyboard;
			sourceTree = "<group>";
		};
/* End PBXVariantGroup section */

/* Begin XCBuildConfiguration section */
		04B29E17217CFCE400479366 /* Debug */ = {
			isa = XCBuildConfiguration;
			buildSettings = {
				ALWAYS_SEARCH_USER_PATHS = NO;
				CLANG_ANALYZER_NONNULL = YES;
				CLANG_ANALYZER_NUMBER_OBJECT_CONVERSION = YES_AGGRESSIVE;
				CLANG_CXX_LANGUAGE_STANDARD = "gnu++14";
				CLANG_CXX_LIBRARY = "libc++";
				CLANG_ENABLE_MODULES = YES;
				CLANG_ENABLE_OBJC_ARC = YES;
				CLANG_ENABLE_OBJC_WEAK = YES;
				CLANG_WARN_BLOCK_CAPTURE_AUTORELEASING = YES;
				CLANG_WARN_BOOL_CONVERSION = YES;
				CLANG_WARN_COMMA = YES;
				CLANG_WARN_CONSTANT_CONVERSION = YES;
				CLANG_WARN_DEPRECATED_OBJC_IMPLEMENTATIONS = YES;
				CLANG_WARN_DIRECT_OBJC_ISA_USAGE = YES_ERROR;
				CLANG_WARN_DOCUMENTATION_COMMENTS = YES;
				CLANG_WARN_EMPTY_BODY = YES;
				CLANG_WARN_ENUM_CONVERSION = YES;
				CLANG_WARN_INFINITE_RECURSION = YES;
				CLANG_WARN_INT_CONVERSION = YES;
				CLANG_WARN_NON_LITERAL_NULL_CONVERSION = YES;
				CLANG_WARN_OBJC_IMPLICIT_RETAIN_SELF = YES;
				CLANG_WARN_OBJC_LITERAL_CONVERSION = YES;
				CLANG_WARN_OBJC_ROOT_CLASS = YES_ERROR;
				CLANG_WARN_RANGE_LOOP_ANALYSIS = YES;
				CLANG_WARN_STRICT_PROTOTYPES = YES;
				CLANG_WARN_SUSPICIOUS_MOVE = YES;
				CLANG_WARN_UNGUARDED_AVAILABILITY = YES_AGGRESSIVE;
				CLANG_WARN_UNREACHABLE_CODE = YES;
				CLANG_WARN__DUPLICATE_METHOD_MATCH = YES;
				CODE_SIGN_IDENTITY = "iPhone Developer";
				COPY_PHASE_STRIP = NO;
				DEBUG_INFORMATION_FORMAT = dwarf;
				ENABLE_STRICT_OBJC_MSGSEND = YES;
				ENABLE_TESTABILITY = YES;
				GCC_C_LANGUAGE_STANDARD = gnu11;
				GCC_DYNAMIC_NO_PIC = NO;
				GCC_NO_COMMON_BLOCKS = YES;
				GCC_OPTIMIZATION_LEVEL = 0;
				GCC_PREPROCESSOR_DEFINITIONS = (
					"DEBUG=1",
					"$(inherited)",
				);
				GCC_WARN_64_TO_32_BIT_CONVERSION = YES;
				GCC_WARN_ABOUT_RETURN_TYPE = YES_ERROR;
				GCC_WARN_UNDECLARED_SELECTOR = YES;
				GCC_WARN_UNINITIALIZED_AUTOS = YES_AGGRESSIVE;
				GCC_WARN_UNUSED_FUNCTION = YES;
				GCC_WARN_UNUSED_VARIABLE = YES;
				IPHONEOS_DEPLOYMENT_TARGET = 12.0;
				MTL_ENABLE_DEBUG_INFO = INCLUDE_SOURCE;
				MTL_FAST_MATH = YES;
				ONLY_ACTIVE_ARCH = YES;
				SDKROOT = iphoneos;
				SWIFT_ACTIVE_COMPILATION_CONDITIONS = DEBUG;
				SWIFT_OPTIMIZATION_LEVEL = "-Onone";
			};
			name = Debug;
		};
		04B29E18217CFCE400479366 /* Release */ = {
			isa = XCBuildConfiguration;
			buildSettings = {
				ALWAYS_SEARCH_USER_PATHS = NO;
				CLANG_ANALYZER_NONNULL = YES;
				CLANG_ANALYZER_NUMBER_OBJECT_CONVERSION = YES_AGGRESSIVE;
				CLANG_CXX_LANGUAGE_STANDARD = "gnu++14";
				CLANG_CXX_LIBRARY = "libc++";
				CLANG_ENABLE_MODULES = YES;
				CLANG_ENABLE_OBJC_ARC = YES;
				CLANG_ENABLE_OBJC_WEAK = YES;
				CLANG_WARN_BLOCK_CAPTURE_AUTORELEASING = YES;
				CLANG_WARN_BOOL_CONVERSION = YES;
				CLANG_WARN_COMMA = YES;
				CLANG_WARN_CONSTANT_CONVERSION = YES;
				CLANG_WARN_DEPRECATED_OBJC_IMPLEMENTATIONS = YES;
				CLANG_WARN_DIRECT_OBJC_ISA_USAGE = YES_ERROR;
				CLANG_WARN_DOCUMENTATION_COMMENTS = YES;
				CLANG_WARN_EMPTY_BODY = YES;
				CLANG_WARN_ENUM_CONVERSION = YES;
				CLANG_WARN_INFINITE_RECURSION = YES;
				CLANG_WARN_INT_CONVERSION = YES;
				CLANG_WARN_NON_LITERAL_NULL_CONVERSION = YES;
				CLANG_WARN_OBJC_IMPLICIT_RETAIN_SELF = YES;
				CLANG_WARN_OBJC_LITERAL_CONVERSION = YES;
				CLANG_WARN_OBJC_ROOT_CLASS = YES_ERROR;
				CLANG_WARN_RANGE_LOOP_ANALYSIS = YES;
				CLANG_WARN_STRICT_PROTOTYPES = YES;
				CLANG_WARN_SUSPICIOUS_MOVE = YES;
				CLANG_WARN_UNGUARDED_AVAILABILITY = YES_AGGRESSIVE;
				CLANG_WARN_UNREACHABLE_CODE = YES;
				CLANG_WARN__DUPLICATE_METHOD_MATCH = YES;
				CODE_SIGN_IDENTITY = "iPhone Developer";
				COPY_PHASE_STRIP = NO;
				DEBUG_INFORMATION_FORMAT = "dwarf-with-dsym";
				ENABLE_NS_ASSERTIONS = NO;
				ENABLE_STRICT_OBJC_MSGSEND = YES;
				GCC_C_LANGUAGE_STANDARD = gnu11;
				GCC_NO_COMMON_BLOCKS = YES;
				GCC_WARN_64_TO_32_BIT_CONVERSION = YES;
				GCC_WARN_ABOUT_RETURN_TYPE = YES_ERROR;
				GCC_WARN_UNDECLARED_SELECTOR = YES;
				GCC_WARN_UNINITIALIZED_AUTOS = YES_AGGRESSIVE;
				GCC_WARN_UNUSED_FUNCTION = YES;
				GCC_WARN_UNUSED_VARIABLE = YES;
				IPHONEOS_DEPLOYMENT_TARGET = 12.0;
				MTL_ENABLE_DEBUG_INFO = NO;
				MTL_FAST_MATH = YES;
				SDKROOT = iphoneos;
				SWIFT_COMPILATION_MODE = wholemodule;
				SWIFT_OPTIMIZATION_LEVEL = "-O";
				VALIDATE_PRODUCT = YES;
			};
			name = Release;
		};
		04B29E1A217CFCE400479366 /* Debug */ = {
			isa = XCBuildConfiguration;
			buildSettings = {
				ASSETCATALOG_COMPILER_APPICON_NAME = AppIcon;
				CODE_SIGN_STYLE = Automatic;
				DEVELOPMENT_TEAM = P48P2G5UA9;
				INFOPLIST_FILE = "Detect the pic/Info.plist";
				LD_RUNPATH_SEARCH_PATHS = (
					"$(inherited)",
					"@executable_path/Frameworks",
				);
				PRODUCT_BUNDLE_IDENTIFIER = "Ossa.Detect-the-pic";
				PRODUCT_NAME = "$(TARGET_NAME)";
				SWIFT_VERSION = 4.2;
				TARGETED_DEVICE_FAMILY = "1,2";
			};
			name = Debug;
		};
		04B29E1B217CFCE400479366 /* Release */ = {
			isa = XCBuildConfiguration;
			buildSettings = {
				ASSETCATALOG_COMPILER_APPICON_NAME = AppIcon;
				CODE_SIGN_STYLE = Automatic;
				DEVELOPMENT_TEAM = P48P2G5UA9;
				INFOPLIST_FILE = "Detect the pic/Info.plist";
				LD_RUNPATH_SEARCH_PATHS = (
					"$(inherited)",
					"@executable_path/Frameworks",
				);
				PRODUCT_BUNDLE_IDENTIFIER = "Ossa.Detect-the-pic";
				PRODUCT_NAME = "$(TARGET_NAME)";
				SWIFT_VERSION = 4.2;
				TARGETED_DEVICE_FAMILY = "1,2";
			};
			name = Release;
		};
/* End XCBuildConfiguration section */

/* Begin XCConfigurationList section */
		04B29DFF217CFCE300479366 /* Build configuration list for PBXProject "Detect the pic" */ = {
			isa = XCConfigurationList;
			buildConfigurations = (
				04B29E17217CFCE400479366 /* Debug */,
				04B29E18217CFCE400479366 /* Release */,
			);
			defaultConfigurationIsVisible = 0;
			defaultConfigurationName = Release;
		};
		04B29E19217CFCE400479366 /* Build configuration list for PBXNativeTarget "Detect the pic" */ = {
			isa = XCConfigurationList;
			buildConfigurations = (
				04B29E1A217CFCE400479366 /* Debug */,
				04B29E1B217CFCE400479366 /* Release */,
			);
			defaultConfigurationIsVisible = 0;
			defaultConfigurationName = Release;
		};
/* End XCConfigurationList section */

/* Begin XCVersionGroup section */
		04B29E0E217CFCE300479366 /* Detect_the_pic.xcdatamodeld */ = {
			isa = XCVersionGroup;
			children = (
				04B29E0F217CFCE300479366 /* Detect_the_pic.xcdatamodel */,
			);
			currentVersion = 04B29E0F217CFCE300479366 /* Detect_the_pic.xcdatamodel */;
			path = Detect_the_pic.xcdatamodeld;
			sourceTree = "<group>";
			versionGroupType = wrapper.xcdatamodel;
		};
/* End XCVersionGroup section */
	};
	rootObject = 04B29DFC217CFCE300479366 /* Project object */;
}
